
Microsoft Visual Studio Solution File, Format Version 12.00
# Visual Studio 15
VisualStudioVersion = 15.0.27130.2010
MinimumVisualStudioVersion = 10.0.40219.1
Project("{FAE04EC0-301F-11D3-BF4B-00C04F79EFBC}") = "Observer", "Observer\Observer.csproj", "{2AB3F1E9-8176-4A80-8712-65DA5ABEC3C8}"
EndProject
Global
	GlobalSection(SolutionConfigurationPlatforms) = preSolution
		Debug|Any CPU = Debug|Any CPU
		Release|Any CPU = Release|Any CPU
	EndGlobalSection
	GlobalSection(ProjectConfigurationPlatforms) = postSolution
		{2AB3F1E9-8176-4A80-8712-65DA5ABEC3C8}.Debug|Any CPU.ActiveCfg = Debug|Any CPU
		{2AB3F1E9-8176-4A80-8712-65DA5ABEC3C8}.Debug|Any CPU.Build.0 = Debug|Any CPU
		{2AB3F1E9-8176-4A80-8712-65DA5ABEC3C8}.Release|Any CPU.ActiveCfg = Release|Any CPU
		{2AB3F1E9-8176-4A80-8712-65DA5ABEC3C8}.Release|Any CPU.Build.0 = Release|Any CPU
	EndGlobalSection
	GlobalSection(SolutionProperties) = preSolution
		HideSolutionNode = FALSE
	EndGlobalSection
	GlobalSection(ExtensibilityGlobals) = postSolution
		SolutionGuid = {B923678F-A9E5-43BE-92EF-81494F9D8CDE}
	EndGlobalSection
EndGlobal
